
Microsoft Visual Studio Solution File, Format Version 12.00
# Visual Studio Version 16
VisualStudioVersion = 16.0.31702.278
MinimumVisualStudioVersion = 10.0.40219.1
Project("{FAE04EC0-301F-11D3-BF4B-00C04F79EFBC}") = "App01", "App01\App01.csproj", "{F1BCB4AC-003A-4422-8FD1-C89A7B54BC8C}"
EndProject
Global
	GlobalSection(SolutionConfigurationPlatforms) = preSolution
		Debug|Any CPU = Debug|Any CPU
		Release|Any CPU = Release|Any CPU
	EndGlobalSection
	GlobalSection(ProjectConfigurationPlatforms) = postSolution
		{F1BCB4AC-003A-4422-8FD1-C89A7B54BC8C}.Debug|Any CPU.ActiveCfg = Debug|Any CPU
		{F1BCB4AC-003A-4422-8FD1-C89A7B54BC8C}.Debug|Any CPU.Build.0 = Debug|Any CPU
		{F1BCB4AC-003A-4422-8FD1-C89A7B54BC8C}.Release|Any CPU.ActiveCfg = Release|Any CPU
		{F1BCB4AC-003A-4422-8FD1-C89A7B54BC8C}.Release|Any CPU.Build.0 = Release|Any CPU
	EndGlobalSection
	GlobalSection(SolutionProperties) = preSolution
		HideSolutionNode = FALSE
	EndGlobalSection
	GlobalSection(ExtensibilityGlobals) = postSolution
		SolutionGuid = {708DAA0A-28CF-48DD-A690-15C5C7D98D43}
	EndGlobalSection
EndGlobal
